
Microsoft Visual Studio Solution File, Format Version 12.00
# Visual Studio 14
VisualStudioVersion = 14.0.25420.1
MinimumVisualStudioVersion = 10.0.40219.1
Project("{FAE04EC0-301F-11D3-BF4B-00C04F79EFBC}") = "WomenEssentail.ServiceBusinessRules", "WomenEssentail.ServiceBusinessRules\WomenEssentail.ServiceBusinessRules.csproj", "{C4BF5521-30CB-4451-B04C-3CD0E3AC0B5D}"
EndProject
Project("{FAE04EC0-301F-11D3-BF4B-00C04F79EFBC}") = "WomenEssentail.Common", "WomenEssentail.Common\WomenEssentail.Common.csproj", "{FA0D6E2C-240A-4AB2-9BD2-A3DFFE7C24E4}"
EndProject
Project("{FAE04EC0-301F-11D3-BF4B-00C04F79EFBC}") = "WomenEssentail.DataAccess", "WomenEssentail.DataAccess\WomenEssentail.DataAccess.csproj", "{6F7C1A2E-FFF8-451E-90E8-43028E73AB6F}"
EndProject
Project("{FAE04EC0-301F-11D3-BF4B-00C04F79EFBC}") = "WomenEssentail.ApiService", "WomenEssentail.ApiService\WomenEssentail.ApiService.csproj", "{EF6282B5-ED4F-4585-912F-08E4D93B1813}"
EndProject
Project("{FAE04EC0-301F-11D3-BF4B-00C04F79EFBC}") = "WomenEssentail.WebClient", "WomenEssentail.WebClient\WomenEssentail.WebClient.csproj", "{6B2C3426-273E-4AAD-ADA4-3EAF68E31C88}"
EndProject
Project("{FAE04EC0-301F-11D3-BF4B-00C04F79EFBC}") = "WomenEssentail.MobileWeb", "WomenEssentail.MobileWeb\WomenEssentail.MobileWeb.csproj", "{2E530E37-548E-4F79-BEDC-05273B4B0846}"
EndProject
Project("{262852C6-CD72-467D-83FE-5EEB1973A190}") = "WomenEssentail.MobileApp", "WomenEssentail.MobileApp\WomenEssentail.MobileApp.jsproj", "{88680910-98DF-4FA8-9C17-3B4F183A2BE5}"
EndProject
Global
	GlobalSection(SolutionConfigurationPlatforms) = preSolution
		Debug|Android = Debug|Android
		Debug|Any CPU = Debug|Any CPU
		Debug|iOS = Debug|iOS
		Debug|Windows Phone (Universal) = Debug|Windows Phone (Universal)
		Debug|Windows Phone 8 = Debug|Windows Phone 8
		Debug|Windows-AnyCPU = Debug|Windows-AnyCPU
		Debug|Windows-ARM = Debug|Windows-ARM
		Debug|Windows-x64 = Debug|Windows-x64
		Debug|Windows-x86 = Debug|Windows-x86
		Release|Android = Release|Android
		Release|Any CPU = Release|Any CPU
		Release|iOS = Release|iOS
		Release|Windows Phone (Universal) = Release|Windows Phone (Universal)
		Release|Windows Phone 8 = Release|Windows Phone 8
		Release|Windows-AnyCPU = Release|Windows-AnyCPU
		Release|Windows-ARM = Release|Windows-ARM
		Release|Windows-x64 = Release|Windows-x64
		Release|Windows-x86 = Release|Windows-x86
	EndGlobalSection
	GlobalSection(ProjectConfigurationPlatforms) = postSolution
		{C4BF5521-30CB-4451-B04C-3CD0E3AC0B5D}.Debug|Android.ActiveCfg = Debug|Any CPU
		{C4BF5521-30CB-4451-B04C-3CD0E3AC0B5D}.Debug|Android.Build.0 = Debug|Any CPU
		{C4BF5521-30CB-4451-B04C-3CD0E3AC0B5D}.Debug|Any CPU.ActiveCfg = Debug|Any CPU
		{C4BF5521-30CB-4451-B04C-3CD0E3AC0B5D}.Debug|Any CPU.Build.0 = Debug|Any CPU
		{C4BF5521-30CB-4451-B04C-3CD0E3AC0B5D}.Debug|iOS.ActiveCfg = Debug|Any CPU
		{C4BF5521-30CB-4451-B04C-3CD0E3AC0B5D}.Debug|iOS.Build.0 = Debug|Any CPU
		{C4BF5521-30CB-4451-B04C-3CD0E3AC0B5D}.Debug|Windows Phone (Universal).ActiveCfg = Debug|Any CPU
		{C4BF5521-30CB-4451-B04C-3CD0E3AC0B5D}.Debug|Windows Phone (Universal).Build.0 = Debug|Any CPU
		{C4BF5521-30CB-4451-B04C-3CD0E3AC0B5D}.Debug|Windows Phone 8.ActiveCfg = Debug|Any CPU
		{C4BF5521-30CB-4451-B04C-3CD0E3AC0B5D}.Debug|Windows Phone 8.Build.0 = Debug|Any CPU
		{C4BF5521-30CB-4451-B04C-3CD0E3AC0B5D}.Debug|Windows-AnyCPU.ActiveCfg = Debug|Any CPU
		{C4BF5521-30CB-4451-B04C-3CD0E3AC0B5D}.Debug|Windows-AnyCPU.Build.0 = Debug|Any CPU
		{C4BF5521-30CB-4451-B04C-3CD0E3AC0B5D}.Debug|Windows-ARM.ActiveCfg = Debug|Any CPU
		{C4BF5521-30CB-4451-B04C-3CD0E3AC0B5D}.Debug|Windows-ARM.Build.0 = Debug|Any CPU
		{C4BF5521-30CB-4451-B04C-3CD0E3AC0B5D}.Debug|Windows-x64.ActiveCfg = Debug|Any CPU
		{C4BF5521-30CB-4451-B04C-3CD0E3AC0B5D}.Debug|Windows-x64.Build.0 = Debug|Any CPU
		{C4BF5521-30CB-4451-B04C-3CD0E3AC0B5D}.Debug|Windows-x86.ActiveCfg = Debug|Any CPU
		{C4BF5521-30CB-4451-B04C-3CD0E3AC0B5D}.Debug|Windows-x86.Build.0 = Debug|Any CPU
		{C4BF5521-30CB-4451-B04C-3CD0E3AC0B5D}.Release|Android.ActiveCfg = Release|Any CPU
		{C4BF5521-30CB-4451-B04C-3CD0E3AC0B5D}.Release|Android.Build.0 = Release|Any CPU
		{C4BF5521-30CB-4451-B04C-3CD0E3AC0B5D}.Release|Any CPU.ActiveCfg = Release|Any CPU
		{C4BF5521-30CB-4451-B04C-3CD0E3AC0B5D}.Release|Any CPU.Build.0 = Release|Any CPU
		{C4BF5521-30CB-4451-B04C-3CD0E3AC0B5D}.Release|iOS.ActiveCfg = Release|Any CPU
		{C4BF5521-30CB-4451-B04C-3CD0E3AC0B5D}.Release|iOS.Build.0 = Release|Any CPU
		{C4BF5521-30CB-4451-B04C-3CD0E3AC0B5D}.Release|Windows Phone (Universal).ActiveCfg = Release|Any CPU
		{C4BF5521-30CB-4451-B04C-3CD0E3AC0B5D}.Release|Windows Phone (Universal).Build.0 = Release|Any CPU
		{C4BF5521-30CB-4451-B04C-3CD0E3AC0B5D}.Release|Windows Phone 8.ActiveCfg = Release|Any CPU
		{C4BF5521-30CB-4451-B04C-3CD0E3AC0B5D}.Release|Windows Phone 8.Build.0 = Release|Any CPU
		{C4BF5521-30CB-4451-B04C-3CD0E3AC0B5D}.Release|Windows-AnyCPU.ActiveCfg = Release|Any CPU
		{C4BF5521-30CB-4451-B04C-3CD0E3AC0B5D}.Release|Windows-AnyCPU.Build.0 = Release|Any CPU
		{C4BF5521-30CB-4451-B04C-3CD0E3AC0B5D}.Release|Windows-ARM.ActiveCfg = Release|Any CPU
		{C4BF5521-30CB-4451-B04C-3CD0E3AC0B5D}.Release|Windows-ARM.Build.0 = Release|Any CPU
		{C4BF5521-30CB-4451-B04C-3CD0E3AC0B5D}.Release|Windows-x64.ActiveCfg = Release|Any CPU
		{C4BF5521-30CB-4451-B04C-3CD0E3AC0B5D}.Release|Windows-x64.Build.0 = Release|Any CPU
		{C4BF5521-30CB-4451-B04C-3CD0E3AC0B5D}.Release|Windows-x86.ActiveCfg = Release|Any CPU
		{C4BF5521-30CB-4451-B04C-3CD0E3AC0B5D}.Release|Windows-x86.Build.0 = Release|Any CPU
		{FA0D6E2C-240A-4AB2-9BD2-A3DFFE7C24E4}.Debug|Android.ActiveCfg = Debug|Any CPU
		{FA0D6E2C-240A-4AB2-9BD2-A3DFFE7C24E4}.Debug|Android.Build.0 = Debug|Any CPU
		{FA0D6E2C-240A-4AB2-9BD2-A3DFFE7C24E4}.Debug|Any CPU.ActiveCfg = Debug|Any CPU
		{FA0D6E2C-240A-4AB2-9BD2-A3DFFE7C24E4}.Debug|Any CPU.Build.0 = Debug|Any CPU
		{FA0D6E2C-240A-4AB2-9BD2-A3DFFE7C24E4}.Debug|iOS.ActiveCfg = Debug|Any CPU
		{FA0D6E2C-240A-4AB2-9BD2-A3DFFE7C24E4}.Debug|iOS.Build.0 = Debug|Any CPU
		{FA0D6E2C-240A-4AB2-9BD2-A3DFFE7C24E4}.Debug|Windows Phone (Universal).ActiveCfg = Debug|Any CPU
		{FA0D6E2C-240A-4AB2-9BD2-A3DFFE7C24E4}.Debug|Windows Phone (Universal).Build.0 = Debug|Any CPU
		{FA0D6E2C-240A-4AB2-9BD2-A3DFFE7C24E4}.Debug|Windows Phone 8.ActiveCfg = Debug|Any CPU
		{FA0D6E2C-240A-4AB2-9BD2-A3DFFE7C24E4}.Debug|Windows Phone 8.Build.0 = Debug|Any CPU
		{FA0D6E2C-240A-4AB2-9BD2-A3DFFE7C24E4}.Debug|Windows-AnyCPU.ActiveCfg = Debug|Any CPU
		{FA0D6E2C-240A-4AB2-9BD2-A3DFFE7C24E4}.Debug|Windows-AnyCPU.Build.0 = Debug|Any CPU
		{FA0D6E2C-240A-4AB2-9BD2-A3DFFE7C24E4}.Debug|Windows-ARM.ActiveCfg = Debug|Any CPU
		{FA0D6E2C-240A-4AB2-9BD2-A3DFFE7C24E4}.Debug|Windows-ARM.Build.0 = Debug|Any CPU
		{FA0D6E2C-240A-4AB2-9BD2-A3DFFE7C24E4}.Debug|Windows-x64.ActiveCfg = Debug|Any CPU
		{FA0D6E2C-240A-4AB2-9BD2-A3DFFE7C24E4}.Debug|Windows-x64.Build.0 = Debug|Any CPU
		{FA0D6E2C-240A-4AB2-9BD2-A3DFFE7C24E4}.Debug|Windows-x86.ActiveCfg = Debug|Any CPU
		{FA0D6E2C-240A-4AB2-9BD2-A3DFFE7C24E4}.Debug|Windows-x86.Build.0 = Debug|Any CPU
		{FA0D6E2C-240A-4AB2-9BD2-A3DFFE7C24E4}.Release|Android.ActiveCfg = Release|Any CPU
		{FA0D6E2C-240A-4AB2-9BD2-A3DFFE7C24E4}.Release|Android.Build.0 = Release|Any CPU
		{FA0D6E2C-240A-4AB2-9BD2-A3DFFE7C24E4}.Release|Any CPU.ActiveCfg = Release|Any CPU
		{FA0D6E2C-240A-4AB2-9BD2-A3DFFE7C24E4}.Release|Any CPU.Build.0 = Release|Any CPU
		{FA0D6E2C-240A-4AB2-9BD2-A3DFFE7C24E4}.Release|iOS.ActiveCfg = Release|Any CPU
		{FA0D6E2C-240A-4AB2-9BD2-A3DFFE7C24E4}.Release|iOS.Build.0 = Release|Any CPU
		{FA0D6E2C-240A-4AB2-9BD2-A3DFFE7C24E4}.Release|Windows Phone (Universal).ActiveCfg = Release|Any CPU
		{FA0D6E2C-240A-4AB2-9BD2-A3DFFE7C24E4}.Release|Windows Phone (Universal).Build.0 = Release|Any CPU
		{FA0D6E2C-240A-4AB2-9BD2-A3DFFE7C24E4}.Release|Windows Phone 8.ActiveCfg = Release|Any CPU
		{FA0D6E2C-240A-4AB2-9BD2-A3DFFE7C24E4}.Release|Windows Phone 8.Build.0 = Release|Any CPU
		{FA0D6E2C-240A-4AB2-9BD2-A3DFFE7C24E4}.Release|Windows-AnyCPU.ActiveCfg = Release|Any CPU
		{FA0D6E2C-240A-4AB2-9BD2-A3DFFE7C24E4}.Release|Windows-AnyCPU.Build.0 = Release|Any CPU
		{FA0D6E2C-240A-4AB2-9BD2-A3DFFE7C24E4}.Release|Windows-ARM.ActiveCfg = Release|Any CPU
		{FA0D6E2C-240A-4AB2-9BD2-A3DFFE7C24E4}.Release|Windows-ARM.Build.0 = Release|Any CPU
		{FA0D6E2C-240A-4AB2-9BD2-A3DFFE7C24E4}.Release|Windows-x64.ActiveCfg = Release|Any CPU
		{FA0D6E2C-240A-4AB2-9BD2-A3DFFE7C24E4}.Release|Windows-x64.Build.0 = Release|Any CPU
		{FA0D6E2C-240A-4AB2-9BD2-A3DFFE7C24E4}.Release|Windows-x86.ActiveCfg = Release|Any CPU
		{FA0D6E2C-240A-4AB2-9BD2-A3DFFE7C24E4}.Release|Windows-x86.Build.0 = Release|Any CPU
		{6F7C1A2E-FFF8-451E-90E8-43028E73AB6F}.Debug|Android.ActiveCfg = Debug|Any CPU
		{6F7C1A2E-FFF8-451E-90E8-43028E73AB6F}.Debug|Android.Build.0 = Debug|Any CPU
		{6F7C1A2E-FFF8-451E-90E8-43028E73AB6F}.Debug|Any CPU.ActiveCfg = Debug|Any CPU
		{6F7C1A2E-FFF8-451E-90E8-43028E73AB6F}.Debug|Any CPU.Build.0 = Debug|Any CPU
		{6F7C1A2E-FFF8-451E-90E8-43028E73AB6F}.Debug|iOS.ActiveCfg = Debug|Any CPU
		{6F7C1A2E-FFF8-451E-90E8-43028E73AB6F}.Debug|iOS.Build.0 = Debug|Any CPU
		{6F7C1A2E-FFF8-451E-90E8-43028E73AB6F}.Debug|Windows Phone (Universal).ActiveCfg = Debug|Any CPU
		{6F7C1A2E-FFF8-451E-90E8-43028E73AB6F}.Debug|Windows Phone (Universal).Build.0 = Debug|Any CPU
		{6F7C1A2E-FFF8-451E-90E8-43028E73AB6F}.Debug|Windows Phone 8.ActiveCfg = Debug|Any CPU
		{6F7C1A2E-FFF8-451E-90E8-43028E73AB6F}.Debug|Windows Phone 8.Build.0 = Debug|Any CPU
		{6F7C1A2E-FFF8-451E-90E8-43028E73AB6F}.Debug|Windows-AnyCPU.ActiveCfg = Debug|Any CPU
		{6F7C1A2E-FFF8-451E-90E8-43028E73AB6F}.Debug|Windows-AnyCPU.Build.0 = Debug|Any CPU
		{6F7C1A2E-FFF8-451E-90E8-43028E73AB6F}.Debug|Windows-ARM.ActiveCfg = Debug|Any CPU
		{6F7C1A2E-FFF8-451E-90E8-43028E73AB6F}.Debug|Windows-ARM.Build.0 = Debug|Any CPU
		{6F7C1A2E-FFF8-451E-90E8-43028E73AB6F}.Debug|Windows-x64.ActiveCfg = Debug|Any CPU
		{6F7C1A2E-FFF8-451E-90E8-43028E73AB6F}.Debug|Windows-x64.Build.0 = Debug|Any CPU
		{6F7C1A2E-FFF8-451E-90E8-43028E73AB6F}.Debug|Windows-x86.ActiveCfg = Debug|Any CPU
		{6F7C1A2E-FFF8-451E-90E8-43028E73AB6F}.Debug|Windows-x86.Build.0 = Debug|Any CPU
		{6F7C1A2E-FFF8-451E-90E8-43028E73AB6F}.Release|Android.ActiveCfg = Release|Any CPU
		{6F7C1A2E-FFF8-451E-90E8-43028E73AB6F}.Release|Android.Build.0 = Release|Any CPU
		{6F7C1A2E-FFF8-451E-90E8-43028E73AB6F}.Release|Any CPU.ActiveCfg = Release|Any CPU
		{6F7C1A2E-FFF8-451E-90E8-43028E73AB6F}.Release|Any CPU.Build.0 = Release|Any CPU
		{6F7C1A2E-FFF8-451E-90E8-43028E73AB6F}.Release|iOS.ActiveCfg = Release|Any CPU
		{6F7C1A2E-FFF8-451E-90E8-43028E73AB6F}.Release|iOS.Build.0 = Release|Any CPU
		{6F7C1A2E-FFF8-451E-90E8-43028E73AB6F}.Release|Windows Phone (Universal).ActiveCfg = Release|Any CPU
		{6F7C1A2E-FFF8-451E-90E8-43028E73AB6F}.Release|Windows Phone (Universal).Build.0 = Release|Any CPU
		{6F7C1A2E-FFF8-451E-90E8-43028E73AB6F}.Release|Windows Phone 8.ActiveCfg = Release|Any CPU
		{6F7C1A2E-FFF8-451E-90E8-43028E73AB6F}.Release|Windows Phone 8.Build.0 = Release|Any CPU
		{6F7C1A2E-FFF8-451E-90E8-43028E73AB6F}.Release|Windows-AnyCPU.ActiveCfg = Release|Any CPU
		{6F7C1A2E-FFF8-451E-90E8-43028E73AB6F}.Release|Windows-AnyCPU.Build.0 = Release|Any CPU
		{6F7C1A2E-FFF8-451E-90E8-43028E73AB6F}.Release|Windows-ARM.ActiveCfg = Release|Any CPU
		{6F7C1A2E-FFF8-451E-90E8-43028E73AB6F}.Release|Windows-ARM.Build.0 = Release|Any CPU
		{6F7C1A2E-FFF8-451E-90E8-43028E73AB6F}.Release|Windows-x64.ActiveCfg = Release|Any CPU
		{6F7C1A2E-FFF8-451E-90E8-43028E73AB6F}.Release|Windows-x64.Build.0 = Release|Any CPU
		{6F7C1A2E-FFF8-451E-90E8-43028E73AB6F}.Release|Windows-x86.ActiveCfg = Release|Any CPU
		{6F7C1A2E-FFF8-451E-90E8-43028E73AB6F}.Release|Windows-x86.Build.0 = Release|Any CPU
		{EF6282B5-ED4F-4585-912F-08E4D93B1813}.Debug|Android.ActiveCfg = Debug|Any CPU
		{EF6282B5-ED4F-4585-912F-08E4D93B1813}.Debug|Android.Build.0 = Debug|Any CPU
		{EF6282B5-ED4F-4585-912F-08E4D93B1813}.Debug|Any CPU.ActiveCfg = Debug|Any CPU
		{EF6282B5-ED4F-4585-912F-08E4D93B1813}.Debug|Any CPU.Build.0 = Debug|Any CPU
		{EF6282B5-ED4F-4585-912F-08E4D93B1813}.Debug|iOS.ActiveCfg = Debug|Any CPU
		{EF6282B5-ED4F-4585-912F-08E4D93B1813}.Debug|iOS.Build.0 = Debug|Any CPU
		{EF6282B5-ED4F-4585-912F-08E4D93B1813}.Debug|Windows Phone (Universal).ActiveCfg = Debug|Any CPU
		{EF6282B5-ED4F-4585-912F-08E4D93B1813}.Debug|Windows Phone (Universal).Build.0 = Debug|Any CPU
		{EF6282B5-ED4F-4585-912F-08E4D93B1813}.Debug|Windows Phone 8.ActiveCfg = Debug|Any CPU
		{EF6282B5-ED4F-4585-912F-08E4D93B1813}.Debug|Windows Phone 8.Build.0 = Debug|Any CPU
		{EF6282B5-ED4F-4585-912F-08E4D93B1813}.Debug|Windows-AnyCPU.ActiveCfg = Debug|Any CPU
		{EF6282B5-ED4F-4585-912F-08E4D93B1813}.Debug|Windows-AnyCPU.Build.0 = Debug|Any CPU
		{EF6282B5-ED4F-4585-912F-08E4D93B1813}.Debug|Windows-ARM.ActiveCfg = Debug|Any CPU
		{EF6282B5-ED4F-4585-912F-08E4D93B1813}.Debug|Windows-ARM.Build.0 = Debug|Any CPU
		{EF6282B5-ED4F-4585-912F-08E4D93B1813}.Debug|Windows-x64.ActiveCfg = Debug|Any CPU
		{EF6282B5-ED4F-4585-912F-08E4D93B1813}.Debug|Windows-x64.Build.0 = Debug|Any CPU
		{EF6282B5-ED4F-4585-912F-08E4D93B1813}.Debug|Windows-x86.ActiveCfg = Debug|Any CPU
		{EF6282B5-ED4F-4585-912F-08E4D93B1813}.Debug|Windows-x86.Build.0 = Debug|Any CPU
		{EF6282B5-ED4F-4585-912F-08E4D93B1813}.Release|Android.ActiveCfg = Release|Any CPU
		{EF6282B5-ED4F-4585-912F-08E4D93B1813}.Release|Android.Build.0 = Release|Any CPU
		{EF6282B5-ED4F-4585-912F-08E4D93B1813}.Release|Any CPU.ActiveCfg = Release|Any CPU
		{EF6282B5-ED4F-4585-912F-08E4D93B1813}.Release|Any CPU.Build.0 = Release|Any CPU
		{EF6282B5-ED4F-4585-912F-08E4D93B1813}.Release|iOS.ActiveCfg = Release|Any CPU
		{EF6282B5-ED4F-4585-912F-08E4D93B1813}.Release|iOS.Build.0 = Release|Any CPU
		{EF6282B5-ED4F-4585-912F-08E4D93B1813}.Release|Windows Phone (Universal).ActiveCfg = Release|Any CPU
		{EF6282B5-ED4F-4585-912F-08E4D93B1813}.Release|Windows Phone (Universal).Build.0 = Release|Any CPU
		{EF6282B5-ED4F-4585-912F-08E4D93B1813}.Release|Windows Phone 8.ActiveCfg = Release|Any CPU
		{EF6282B5-ED4F-4585-912F-08E4D93B1813}.Release|Windows Phone 8.Build.0 = Release|Any CPU
		{EF6282B5-ED4F-4585-912F-08E4D93B1813}.Release|Windows-AnyCPU.ActiveCfg = Release|Any CPU
		{EF6282B5-ED4F-4585-912F-08E4D93B1813}.Release|Windows-AnyCPU.Build.0 = Release|Any CPU
		{EF6282B5-ED4F-4585-912F-08E4D93B1813}.Release|Windows-ARM.ActiveCfg = Release|Any CPU
		{EF6282B5-ED4F-4585-912F-08E4D93B1813}.Release|Windows-ARM.Build.0 = Release|Any CPU
		{EF6282B5-ED4F-4585-912F-08E4D93B1813}.Release|Windows-x64.ActiveCfg = Release|Any CPU
		{EF6282B5-ED4F-4585-912F-08E4D93B1813}.Release|Windows-x64.Build.0 = Release|Any CPU
		{EF6282B5-ED4F-4585-912F-08E4D93B1813}.Release|Windows-x86.ActiveCfg = Release|Any CPU
		{EF6282B5-ED4F-4585-912F-08E4D93B1813}.Release|Windows-x86.Build.0 = Release|Any CPU
		{6B2C3426-273E-4AAD-ADA4-3EAF68E31C88}.Debug|Android.ActiveCfg = Debug|Any CPU
		{6B2C3426-273E-4AAD-ADA4-3EAF68E31C88}.Debug|Android.Build.0 = Debug|Any CPU
		{6B2C3426-273E-4AAD-ADA4-3EAF68E31C88}.Debug|Any CPU.ActiveCfg = Debug|Any CPU
		{6B2C3426-273E-4AAD-ADA4-3EAF68E31C88}.Debug|Any CPU.Build.0 = Debug|Any CPU
		{6B2C3426-273E-4AAD-ADA4-3EAF68E31C88}.Debug|iOS.ActiveCfg = Debug|Any CPU
		{6B2C3426-273E-4AAD-ADA4-3EAF68E31C88}.Debug|iOS.Build.0 = Debug|Any CPU
		{6B2C3426-273E-4AAD-ADA4-3EAF68E31C88}.Debug|Windows Phone (Universal).ActiveCfg = Debug|Any CPU
		{6B2C3426-273E-4AAD-ADA4-3EAF68E31C88}.Debug|Windows Phone (Universal).Build.0 = Debug|Any CPU
		{6B2C3426-273E-4AAD-ADA4-3EAF68E31C88}.Debug|Windows Phone 8.ActiveCfg = Debug|Any CPU
		{6B2C3426-273E-4AAD-ADA4-3EAF68E31C88}.Debug|Windows Phone 8.Build.0 = Debug|Any CPU
		{6B2C3426-273E-4AAD-ADA4-3EAF68E31C88}.Debug|Windows-AnyCPU.ActiveCfg = Debug|Any CPU
		{6B2C3426-273E-4AAD-ADA4-3EAF68E31C88}.Debug|Windows-AnyCPU.Build.0 = Debug|Any CPU
		{6B2C3426-273E-4AAD-ADA4-3EAF68E31C88}.Debug|Windows-ARM.ActiveCfg = Debug|Any CPU
		{6B2C3426-273E-4AAD-ADA4-3EAF68E31C88}.Debug|Windows-ARM.Build.0 = Debug|Any CPU
		{6B2C3426-273E-4AAD-ADA4-3EAF68E31C88}.Debug|Windows-x64.ActiveCfg = Debug|Any CPU
		{6B2C3426-273E-4AAD-ADA4-3EAF68E31C88}.Debug|Windows-x64.Build.0 = Debug|Any CPU
		{6B2C3426-273E-4AAD-ADA4-3EAF68E31C88}.Debug|Windows-x86.ActiveCfg = Debug|Any CPU
		{6B2C3426-273E-4AAD-ADA4-3EAF68E31C88}.Debug|Windows-x86.Build.0 = Debug|Any CPU
		{6B2C3426-273E-4AAD-ADA4-3EAF68E31C88}.Release|Android.ActiveCfg = Release|Any CPU
		{6B2C3426-273E-4AAD-ADA4-3EAF68E31C88}.Release|Android.Build.0 = Release|Any CPU
		{6B2C3426-273E-4AAD-ADA4-3EAF68E31C88}.Release|Any CPU.ActiveCfg = Release|Any CPU
		{6B2C3426-273E-4AAD-ADA4-3EAF68E31C88}.Release|Any CPU.Build.0 = Release|Any CPU
		{6B2C3426-273E-4AAD-ADA4-3EAF68E31C88}.Release|iOS.ActiveCfg = Release|Any CPU
		{6B2C3426-273E-4AAD-ADA4-3EAF68E31C88}.Release|iOS.Build.0 = Release|Any CPU
		{6B2C3426-273E-4AAD-ADA4-3EAF68E31C88}.Release|Windows Phone (Universal).ActiveCfg = Release|Any CPU
		{6B2C3426-273E-4AAD-ADA4-3EAF68E31C88}.Release|Windows Phone (Universal).Build.0 = Release|Any CPU
		{6B2C3426-273E-4AAD-ADA4-3EAF68E31C88}.Release|Windows Phone 8.ActiveCfg = Release|Any CPU
		{6B2C3426-273E-4AAD-ADA4-3EAF68E31C88}.Release|Windows Phone 8.Build.0 = Release|Any CPU
		{6B2C3426-273E-4AAD-ADA4-3EAF68E31C88}.Release|Windows-AnyCPU.ActiveCfg = Release|Any CPU
		{6B2C3426-273E-4AAD-ADA4-3EAF68E31C88}.Release|Windows-AnyCPU.Build.0 = Release|Any CPU
		{6B2C3426-273E-4AAD-ADA4-3EAF68E31C88}.Release|Windows-ARM.ActiveCfg = Release|Any CPU
		{6B2C3426-273E-4AAD-ADA4-3EAF68E31C88}.Release|Windows-ARM.Build.0 = Release|Any CPU
		{6B2C3426-273E-4AAD-ADA4-3EAF68E31C88}.Release|Windows-x64.ActiveCfg = Release|Any CPU
		{6B2C3426-273E-4AAD-ADA4-3EAF68E31C88}.Release|Windows-x64.Build.0 = Release|Any CPU
		{6B2C3426-273E-4AAD-ADA4-3EAF68E31C88}.Release|Windows-x86.ActiveCfg = Release|Any CPU
		{6B2C3426-273E-4AAD-ADA4-3EAF68E31C88}.Release|Windows-x86.Build.0 = Release|Any CPU
		{2E530E37-548E-4F79-BEDC-05273B4B0846}.Debug|Android.ActiveCfg = Debug|Any CPU
		{2E530E37-548E-4F79-BEDC-05273B4B0846}.Debug|Android.Build.0 = Debug|Any CPU
		{2E530E37-548E-4F79-BEDC-05273B4B0846}.Debug|Any CPU.ActiveCfg = Debug|Any CPU
		{2E530E37-548E-4F79-BEDC-05273B4B0846}.Debug|Any CPU.Build.0 = Debug|Any CPU
		{2E530E37-548E-4F79-BEDC-05273B4B0846}.Debug|iOS.ActiveCfg = Debug|Any CPU
		{2E530E37-548E-4F79-BEDC-05273B4B0846}.Debug|iOS.Build.0 = Debug|Any CPU
		{2E530E37-548E-4F79-BEDC-05273B4B0846}.Debug|Windows Phone (Universal).ActiveCfg = Debug|Any CPU
		{2E530E37-548E-4F79-BEDC-05273B4B0846}.Debug|Windows Phone (Universal).Build.0 = Debug|Any CPU
		{2E530E37-548E-4F79-BEDC-05273B4B0846}.Debug|Windows Phone 8.ActiveCfg = Debug|Any CPU
		{2E530E37-548E-4F79-BEDC-05273B4B0846}.Debug|Windows Phone 8.Build.0 = Debug|Any CPU
		{2E530E37-548E-4F79-BEDC-05273B4B0846}.Debug|Windows-AnyCPU.ActiveCfg = Debug|Any CPU
		{2E530E37-548E-4F79-BEDC-05273B4B0846}.Debug|Windows-AnyCPU.Build.0 = Debug|Any CPU
		{2E530E37-548E-4F79-BEDC-05273B4B0846}.Debug|Windows-ARM.ActiveCfg = Debug|Any CPU
		{2E530E37-548E-4F79-BEDC-05273B4B0846}.Debug|Windows-ARM.Build.0 = Debug|Any CPU
		{2E530E37-548E-4F79-BEDC-05273B4B0846}.Debug|Windows-x64.ActiveCfg = Debug|Any CPU
		{2E530E37-548E-4F79-BEDC-05273B4B0846}.Debug|Windows-x64.Build.0 = Debug|Any CPU
		{2E530E37-548E-4F79-BEDC-05273B4B0846}.Debug|Windows-x86.ActiveCfg = Debug|Any CPU
		{2E530E37-548E-4F79-BEDC-05273B4B0846}.Debug|Windows-x86.Build.0 = Debug|Any CPU
		{2E530E37-548E-4F79-BEDC-05273B4B0846}.Release|Android.ActiveCfg = Release|Any CPU
		{2E530E37-548E-4F79-BEDC-05273B4B0846}.Release|Android.Build.0 = Release|Any CPU
		{2E530E37-548E-4F79-BEDC-05273B4B0846}.Release|Any CPU.ActiveCfg = Release|Any CPU
		{2E530E37-548E-4F79-BEDC-05273B4B0846}.Release|Any CPU.Build.0 = Release|Any CPU
		{2E530E37-548E-4F79-BEDC-05273B4B0846}.Release|iOS.ActiveCfg = Release|Any CPU
		{2E530E37-548E-4F79-BEDC-05273B4B0846}.Release|iOS.Build.0 = Release|Any CPU
		{2E530E37-548E-4F79-BEDC-05273B4B0846}.Release|Windows Phone (Universal).ActiveCfg = Release|Any CPU
		{2E530E37-548E-4F79-BEDC-05273B4B0846}.Release|Windows Phone (Universal).Build.0 = Release|Any CPU
		{2E530E37-548E-4F79-BEDC-05273B4B0846}.Release|Windows Phone 8.ActiveCfg = Release|Any CPU
		{2E530E37-548E-4F79-BEDC-05273B4B0846}.Release|Windows Phone 8.Build.0 = Release|Any CPU
		{2E530E37-548E-4F79-BEDC-05273B4B0846}.Release|Windows-AnyCPU.ActiveCfg = Release|Any CPU
		{2E530E37-548E-4F79-BEDC-05273B4B0846}.Release|Windows-AnyCPU.Build.0 = Release|Any CPU
		{2E530E37-548E-4F79-BEDC-05273B4B0846}.Release|Windows-ARM.ActiveCfg = Release|Any CPU
		{2E530E37-548E-4F79-BEDC-05273B4B0846}.Release|Windows-ARM.Build.0 = Release|Any CPU
		{2E530E37-548E-4F79-BEDC-05273B4B0846}.Release|Windows-x64.ActiveCfg = Release|Any CPU
		{2E530E37-548E-4F79-BEDC-05273B4B0846}.Release|Windows-x64.Build.0 = Release|Any CPU
		{2E530E37-548E-4F79-BEDC-05273B4B0846}.Release|Windows-x86.ActiveCfg = Release|Any CPU
		{2E530E37-548E-4F79-BEDC-05273B4B0846}.Release|Windows-x86.Build.0 = Release|Any CPU
		{88680910-98DF-4FA8-9C17-3B4F183A2BE5}.Debug|Android.ActiveCfg = Debug|Android
		{88680910-98DF-4FA8-9C17-3B4F183A2BE5}.Debug|Android.Build.0 = Debug|Android
		{88680910-98DF-4FA8-9C17-3B4F183A2BE5}.Debug|Android.Deploy.0 = Debug|Android
		{88680910-98DF-4FA8-9C17-3B4F183A2BE5}.Debug|Any CPU.ActiveCfg = Debug|Android
		{88680910-98DF-4FA8-9C17-3B4F183A2BE5}.Debug|iOS.ActiveCfg = Debug|iOS
		{88680910-98DF-4FA8-9C17-3B4F183A2BE5}.Debug|iOS.Build.0 = Debug|iOS
		{88680910-98DF-4FA8-9C17-3B4F183A2BE5}.Debug|iOS.Deploy.0 = Debug|iOS
		{88680910-98DF-4FA8-9C17-3B4F183A2BE5}.Debug|Windows Phone (Universal).ActiveCfg = Debug|Windows Phone (Universal)
		{88680910-98DF-4FA8-9C17-3B4F183A2BE5}.Debug|Windows Phone (Universal).Build.0 = Debug|Windows Phone (Universal)
		{88680910-98DF-4FA8-9C17-3B4F183A2BE5}.Debug|Windows Phone (Universal).Deploy.0 = Debug|Windows Phone (Universal)
		{88680910-98DF-4FA8-9C17-3B4F183A2BE5}.Debug|Windows Phone 8.ActiveCfg = Debug|Windows Phone 8
		{88680910-98DF-4FA8-9C17-3B4F183A2BE5}.Debug|Windows Phone 8.Build.0 = Debug|Windows Phone 8
		{88680910-98DF-4FA8-9C17-3B4F183A2BE5}.Debug|Windows Phone 8.Deploy.0 = Debug|Windows Phone 8
		{88680910-98DF-4FA8-9C17-3B4F183A2BE5}.Debug|Windows-AnyCPU.ActiveCfg = Debug|Windows-AnyCPU
		{88680910-98DF-4FA8-9C17-3B4F183A2BE5}.Debug|Windows-AnyCPU.Build.0 = Debug|Windows-AnyCPU
		{88680910-98DF-4FA8-9C17-3B4F183A2BE5}.Debug|Windows-AnyCPU.Deploy.0 = Debug|Windows-AnyCPU
		{88680910-98DF-4FA8-9C17-3B4F183A2BE5}.Debug|Windows-ARM.ActiveCfg = Debug|Windows-ARM
		{88680910-98DF-4FA8-9C17-3B4F183A2BE5}.Debug|Windows-ARM.Build.0 = Debug|Windows-ARM
		{88680910-98DF-4FA8-9C17-3B4F183A2BE5}.Debug|Windows-ARM.Deploy.0 = Debug|Windows-ARM
		{88680910-98DF-4FA8-9C17-3B4F183A2BE5}.Debug|Windows-x64.ActiveCfg = Debug|Windows-x64
		{88680910-98DF-4FA8-9C17-3B4F183A2BE5}.Debug|Windows-x64.Build.0 = Debug|Windows-x64
		{88680910-98DF-4FA8-9C17-3B4F183A2BE5}.Debug|Windows-x64.Deploy.0 = Debug|Windows-x64
		{88680910-98DF-4FA8-9C17-3B4F183A2BE5}.Debug|Windows-x86.ActiveCfg = Debug|Windows-x86
		{88680910-98DF-4FA8-9C17-3B4F183A2BE5}.Debug|Windows-x86.Build.0 = Debug|Windows-x86
		{88680910-98DF-4FA8-9C17-3B4F183A2BE5}.Debug|Windows-x86.Deploy.0 = Debug|Windows-x86
		{88680910-98DF-4FA8-9C17-3B4F183A2BE5}.Release|Android.ActiveCfg = Release|Android
		{88680910-98DF-4FA8-9C17-3B4F183A2BE5}.Release|Android.Build.0 = Release|Android
		{88680910-98DF-4FA8-9C17-3B4F183A2BE5}.Release|Android.Deploy.0 = Release|Android
		{88680910-98DF-4FA8-9C17-3B4F183A2BE5}.Release|Any CPU.ActiveCfg = Release|Android
		{88680910-98DF-4FA8-9C17-3B4F183A2BE5}.Release|iOS.ActiveCfg = Release|iOS
		{88680910-98DF-4FA8-9C17-3B4F183A2BE5}.Release|iOS.Build.0 = Release|iOS
		{88680910-98DF-4FA8-9C17-3B4F183A2BE5}.Release|iOS.Deploy.0 = Release|iOS
		{88680910-98DF-4FA8-9C17-3B4F183A2BE5}.Release|Windows Phone (Universal).ActiveCfg = Release|Windows Phone (Universal)
		{88680910-98DF-4FA8-9C17-3B4F183A2BE5}.Release|Windows Phone (Universal).Build.0 = Release|Windows Phone (Universal)
		{88680910-98DF-4FA8-9C17-3B4F183A2BE5}.Release|Windows Phone (Universal).Deploy.0 = Release|Windows Phone (Universal)
		{88680910-98DF-4FA8-9C17-3B4F183A2BE5}.Release|Windows Phone 8.ActiveCfg = Release|Windows Phone 8
		{88680910-98DF-4FA8-9C17-3B4F183A2BE5}.Release|Windows Phone 8.Build.0 = Release|Windows Phone 8
		{88680910-98DF-4FA8-9C17-3B4F183A2BE5}.Release|Windows Phone 8.Deploy.0 = Release|Windows Phone 8
		{88680910-98DF-4FA8-9C17-3B4F183A2BE5}.Release|Windows-AnyCPU.ActiveCfg = Release|Windows-AnyCPU
		{88680910-98DF-4FA8-9C17-3B4F183A2BE5}.Release|Windows-AnyCPU.Build.0 = Release|Windows-AnyCPU
		{88680910-98DF-4FA8-9C17-3B4F183A2BE5}.Release|Windows-AnyCPU.Deploy.0 = Release|Windows-AnyCPU
		{88680910-98DF-4FA8-9C17-3B4F183A2BE5}.Release|Windows-ARM.ActiveCfg = Release|Windows-ARM
		{88680910-98DF-4FA8-9C17-3B4F183A2BE5}.Release|Windows-ARM.Build.0 = Release|Windows-ARM
		{88680910-98DF-4FA8-9C17-3B4F183A2BE5}.Release|Windows-ARM.Deploy.0 = Release|Windows-ARM
		{88680910-98DF-4FA8-9C17-3B4F183A2BE5}.Release|Windows-x64.ActiveCfg = Release|Windows-x64
		{88680910-98DF-4FA8-9C17-3B4F183A2BE5}.Release|Windows-x64.Build.0 = Release|Windows-x64
		{88680910-98DF-4FA8-9C17-3B4F183A2BE5}.Release|Windows-x64.Deploy.0 = Release|Windows-x64
		{88680910-98DF-4FA8-9C17-3B4F183A2BE5}.Release|Windows-x86.ActiveCfg = Release|Windows-x86
		{88680910-98DF-4FA8-9C17-3B4F183A2BE5}.Release|Windows-x86.Build.0 = Release|Windows-x86
		{88680910-98DF-4FA8-9C17-3B4F183A2BE5}.Release|Windows-x86.Deploy.0 = Release|Windows-x86
	EndGlobalSection
	GlobalSection(SolutionProperties) = preSolution
		HideSolutionNode = FALSE
	EndGlobalSection
EndGlobal
